<?xml version="1.0" encoding="utf-8"?>
<Project ToolsVersion="4.0" xmlns="http://schemas.microsoft.com/developer/msbuild/2003">
  <ItemGroup>
    <Filter Include="Sandbox">
      <UniqueIdentifier>{F4C124E3-60A1-A37E-69B9-2E55D5170AE0}</UniqueIdentifier>
    </Filter>
    <Filter Include="Sandbox\2D">
      <UniqueIdentifier>{19BCFF2A-0574-4178-6E7B-1AD45A52DC68}</UniqueIdentifier>
    </Filter>
  </ItemGroup>
  <ItemGroup>
    <ClInclude Include="src\Sandbox\2D\Sandbox2D.h">
      <Filter>Sandbox\2D</Filter>
    </ClInclude>
  </ItemGroup>
  <ItemGroup>
    <ClCompile Include="src\Sandbox\2D\Sandbox2D.cpp">
      <Filter>Sandbox\2D</Filter>
    </ClCompile>
    <ClCompile Include="src\SandboxApp.cpp" />
  </ItemGroup>
</Project>