<?xml version="1.0" encoding="utf-8"?>
<Project ToolsVersion="4.0" xmlns="http://schemas.microsoft.com/developer/msbuild/2003">
  <ItemGroup>
    <Filter Include="src">
      <UniqueIdentifier>{2DAB880B-99B4-887C-2230-9F7C8E38947C}</UniqueIdentifier>
    </Filter>
    <Filter Include="src\FizzGen">
      <UniqueIdentifier>{79B33717-E568-B00C-6E5D-AAE3DA11A710}</UniqueIdentifier>
    </Filter>
    <Filter Include="src\FizzGen\Events">
      <UniqueIdentifier>{3D9DC371-2981-84C7-92E1-7E1A7EE46E49}</UniqueIdentifier>
    </Filter>
    <Filter Include="src\FizzGen\ImGui">
      <UniqueIdentifier>{631F4132-CF35-3FC8-18AD-CAE984021050}</UniqueIdentifier>
    </Filter>
    <Filter Include="src\FizzGen\InputCodes">
      <UniqueIdentifier>{E67B6663-D275-8FB5-BBE2-25C6A77BF521}</UniqueIdentifier>
    </Filter>
    <Filter Include="src\FizzGen\Platform">
      <UniqueIdentifier>{EDE73D0D-D976-C7D6-8295-DBD16E03D87C}</UniqueIdentifier>
    </Filter>
    <Filter Include="src\FizzGen\Platform\ANGLE">
      <UniqueIdentifier>{A311E0C9-8F21-8C9A-F8DA-F0B8E4097B33}</UniqueIdentifier>
    </Filter>
    <Filter Include="src\FizzGen\Platform\OpenGL">
      <UniqueIdentifier>{81C40229-EDD1-300F-76B8-2CFAE2C4FCC5}</UniqueIdentifier>
    </Filter>
    <Filter Include="src\FizzGen\Platform\Windows">
      <UniqueIdentifier>{272F77A1-13EA-664D-BCA1-DF97A83BB1DD}</UniqueIdentifier>
    </Filter>
    <Filter Include="src\FizzGen\Platform\Windows\Inputs">
      <UniqueIdentifier>{996DF35D-0527-5E08-8E86-78E2FA3E1478}</UniqueIdentifier>
    </Filter>
    <Filter Include="src\FizzGen\Platform\Windows\Window">
      <UniqueIdentifier>{2ECA3F7E-9A83-AA28-23E3-C4028F9B6098}</UniqueIdentifier>
    </Filter>
    <Filter Include="src\FizzGen\Renderer">
      <UniqueIdentifier>{3FEF1AE8-2B7E-A4B1-D49C-B8ACC00AB557}</UniqueIdentifier>
    </Filter>
    <Filter Include="vendor">
      <UniqueIdentifier>{B3738122-9F15-ACF8-88D0-BF4C74113349}</UniqueIdentifier>
    </Filter>
    <Filter Include="vendor\glm">
      <UniqueIdentifier>{829FC5A8-6E57-07F6-D75E-E051C335A2E6}</UniqueIdentifier>
    </Filter>
  </ItemGroup>
  <ItemGroup>
    <ClInclude Include="src\FizzGen.h">
      <Filter>src</Filter>
    </ClInclude>
    <ClInclude Include="src\FizzGen\Application.h">
      <Filter>src\FizzGen</Filter>
    </ClInclude>
    <ClInclude Include="src\FizzGen\Core.h">
      <Filter>src\FizzGen</Filter>
    </ClInclude>
    <ClInclude Include="src\FizzGen\EnteryPoint.h">
      <Filter>src\FizzGen</Filter>
    </ClInclude>
    <ClInclude Include="src\FizzGen\Events\ApplicationEvent.h">
      <Filter>src\FizzGen\Events</Filter>
    </ClInclude>
    <ClInclude Include="src\FizzGen\Events\Event.h">
      <Filter>src\FizzGen\Events</Filter>
    </ClInclude>
    <ClInclude Include="src\FizzGen\Events\KeyEvent.h">
      <Filter>src\FizzGen\Events</Filter>
    </ClInclude>
    <ClInclude Include="src\FizzGen\Events\MouseEvent.h">
      <Filter>src\FizzGen\Events</Filter>
    </ClInclude>
    <ClInclude Include="src\FizzGen\ImGui\ImGuiLayer.h">
      <Filter>src\FizzGen\ImGui</Filter>
    </ClInclude>
    <ClInclude Include="src\FizzGen\InputCodes\Keycodes.h">
      <Filter>src\FizzGen\InputCodes</Filter>
    </ClInclude>
    <ClInclude Include="src\FizzGen\InputCodes\MouseButtonCodes.h">
      <Filter>src\FizzGen\InputCodes</Filter>
    </ClInclude>
    <ClInclude Include="src\FizzGen\InputInterface.h">
      <Filter>src\FizzGen</Filter>
    </ClInclude>
    <ClInclude Include="src\FizzGen\Layer.h">
      <Filter>src\FizzGen</Filter>
    </ClInclude>
    <ClInclude Include="src\FizzGen\LayerStack.h">
      <Filter>src\FizzGen</Filter>
    </ClInclude>
    <ClInclude Include="src\FizzGen\Log.h">
      <Filter>src\FizzGen</Filter>
    </ClInclude>
    <ClInclude Include="src\FizzGen\Platform\ANGLE\AngleBuffer.h">
      <Filter>src\FizzGen\Platform\ANGLE</Filter>
    </ClInclude>
    <ClInclude Include="src\FizzGen\Platform\OpenGL\OpenGLBuffer.h">
      <Filter>src\FizzGen\Platform\OpenGL</Filter>
    </ClInclude>
    <ClInclude Include="src\FizzGen\Platform\OpenGL\OpenGLGraphicsContext.h">
      <Filter>src\FizzGen\Platform\OpenGL</Filter>
    </ClInclude>
    <ClInclude Include="src\FizzGen\Platform\Windows\Inputs\WindowsInput.h">
      <Filter>src\FizzGen\Platform\Windows\Inputs</Filter>
    </ClInclude>
    <ClInclude Include="src\FizzGen\Platform\Windows\Window\WindowsWindow.h">
      <Filter>src\FizzGen\Platform\Windows\Window</Filter>
    </ClInclude>
    <ClInclude Include="src\FizzGen\Renderer\Buffer.h">
      <Filter>src\FizzGen\Renderer</Filter>
    </ClInclude>
    <ClInclude Include="src\FizzGen\Renderer\GraphicsContext.h">
      <Filter>src\FizzGen\Renderer</Filter>
    </ClInclude>
    <ClInclude Include="src\FizzGen\Renderer\Renderer.h">
      <Filter>src\FizzGen\Renderer</Filter>
    </ClInclude>
    <ClInclude Include="src\FizzGen\Renderer\Shader.h">
      <Filter>src\FizzGen\Renderer</Filter>
    </ClInclude>
    <ClInclude Include="src\FizzGen\WindowInterface.h">
      <Filter>src\FizzGen</Filter>
    </ClInclude>
    <ClInclude Include="src\fgpch.h">
      <Filter>src</Filter>
    </ClInclude>
    <ClInclude Include="vendor\glm\glm.hpp">
      <Filter>vendor\glm</Filter>
    </ClInclude>
    <ClInclude Include="vendor\glm\glm.inl">
      <Filter>vendor\glm</Filter>
    </ClInclude>
    <ClInclude Include="src\FizzGen\Renderer\VertexArray.h" />
    <ClInclude Include="src\FizzGen\Platform\OpenGL\OpenGLVertexArray.h" />
    <ClInclude Include="src\FizzGen\Platform\ANGLE\ANGLEVertexArray.h" />
    <ClInclude Include="src\FizzGen\Platform\ANGLE\ANGLEGraphicsContext.h" />
  </ItemGroup>
  <ItemGroup>
    <ClCompile Include="src\FizzGen\Application.cpp">
      <Filter>src\FizzGen</Filter>
    </ClCompile>
    <ClCompile Include="src\FizzGen\ImGui\ImGuiLayer.cpp">
      <Filter>src\FizzGen\ImGui</Filter>
    </ClCompile>
    <ClCompile Include="src\FizzGen\Layer.cpp">
      <Filter>src\FizzGen</Filter>
    </ClCompile>
    <ClCompile Include="src\FizzGen\LayerStack.cpp">
      <Filter>src\FizzGen</Filter>
    </ClCompile>
    <ClCompile Include="src\FizzGen\Log.cpp">
      <Filter>src\FizzGen</Filter>
    </ClCompile>
    <ClCompile Include="src\FizzGen\Platform\ANGLE\AngleBuffer.cpp">
      <Filter>src\FizzGen\Platform\ANGLE</Filter>
    </ClCompile>
    <ClCompile Include="src\FizzGen\Platform\OpenGL\OpenGLBuffer.cpp">
      <Filter>src\FizzGen\Platform\OpenGL</Filter>
    </ClCompile>
    <ClCompile Include="src\FizzGen\Platform\OpenGL\OpenGLGraphicsContext.cpp">
      <Filter>src\FizzGen\Platform\OpenGL</Filter>
    </ClCompile>
    <ClCompile Include="src\FizzGen\Platform\Windows\Inputs\WindowsInput.cpp">
      <Filter>src\FizzGen\Platform\Windows\Inputs</Filter>
    </ClCompile>
    <ClCompile Include="src\FizzGen\Platform\Windows\Window\WindowsWindow.cpp">
      <Filter>src\FizzGen\Platform\Windows\Window</Filter>
    </ClCompile>
    <ClCompile Include="src\FizzGen\Renderer\Buffer.cpp">
      <Filter>src\FizzGen\Renderer</Filter>
    </ClCompile>
    <ClCompile Include="src\FizzGen\Renderer\Renderer.cpp">
      <Filter>src\FizzGen\Renderer</Filter>
    </ClCompile>
    <ClCompile Include="src\FizzGen\Renderer\Shader.cpp">
      <Filter>src\FizzGen\Renderer</Filter>
    </ClCompile>
    <ClCompile Include="src\fgpch.cpp">
      <Filter>src</Filter>
    </ClCompile>
    <ClCompile Include="src\FizzGen\Renderer\VertexArray.cpp" />
    <ClCompile Include="src\FizzGen\Platform\OpenGL\OpenGLVertexArray.cpp" />
    <ClCompile Include="src\FizzGen\Platform\ANGLE\ANGLEVertexArray.cpp" />
    <ClCompile Include="src\FizzGen\Platform\ANGLE\ANGLEGraphicsContext.cpp" />
  </ItemGroup>
</Project>