<?xml version="1.0" encoding="utf-8"?>
<Project ToolsVersion="4.0" xmlns="http://schemas.microsoft.com/developer/msbuild/2003">
  <ItemGroup>
    <Filter Include="FizzGen">
      <UniqueIdentifier>{62B3FD0D-CE92-7CA9-D7AA-07804309E30A}</UniqueIdentifier>
    </Filter>
    <Filter Include="FizzGen\Events">
      <UniqueIdentifier>{067DDF13-F24A-D319-DBDE-4340C74BAF7E}</UniqueIdentifier>
    </Filter>
    <Filter Include="FizzGen\ImGui">
      <UniqueIdentifier>{0CAA0BBB-786A-87F1-41A5-D06EAD24CCCD}</UniqueIdentifier>
    </Filter>
    <Filter Include="FizzGen\InputCodes">
      <UniqueIdentifier>{2F188F6C-1BFC-4FC2-845C-4A15705F3A44}</UniqueIdentifier>
    </Filter>
    <Filter Include="FizzGen\Platform">
      <UniqueIdentifier>{F6DDD0A5-E2D6-EFF7-0B09-D57CF760CF03}</UniqueIdentifier>
    </Filter>
    <Filter Include="FizzGen\Platform\OpenGL">
      <UniqueIdentifier>{6A7635BA-D6AD-7D51-DFB7-E1744B6EA44A}</UniqueIdentifier>
    </Filter>
    <Filter Include="FizzGen\Platform\Windows">
      <UniqueIdentifier>{301E0059-1C43-4FD9-458E-346931124EF7}</UniqueIdentifier>
    </Filter>
    <Filter Include="FizzGen\Platform\Windows\Inputs">
      <UniqueIdentifier>{82F88910-EEDB-9850-F7DE-C68C63415FA1}</UniqueIdentifier>
    </Filter>
    <Filter Include="FizzGen\Platform\Windows\Window">
      <UniqueIdentifier>{1755D630-8338-E570-8C3B-13ADF89DABC1}</UniqueIdentifier>
    </Filter>
  </ItemGroup>
  <ItemGroup>
    <ClInclude Include="src\FizzGen.h" />
    <ClInclude Include="src\FizzGen\Application.h">
      <Filter>FizzGen</Filter>
    </ClInclude>
    <ClInclude Include="src\FizzGen\Core.h">
      <Filter>FizzGen</Filter>
    </ClInclude>
    <ClInclude Include="src\FizzGen\EnteryPoint.h">
      <Filter>FizzGen</Filter>
    </ClInclude>
    <ClInclude Include="src\FizzGen\Events\ApplicationEvent.h">
      <Filter>FizzGen\Events</Filter>
    </ClInclude>
    <ClInclude Include="src\FizzGen\Events\Event.h">
      <Filter>FizzGen\Events</Filter>
    </ClInclude>
    <ClInclude Include="src\FizzGen\Events\KeyEvent.h">
      <Filter>FizzGen\Events</Filter>
    </ClInclude>
    <ClInclude Include="src\FizzGen\Events\MouseEvent.h">
      <Filter>FizzGen\Events</Filter>
    </ClInclude>
    <ClInclude Include="src\FizzGen\ImGui\ImGuiLayer.h">
      <Filter>FizzGen\ImGui</Filter>
    </ClInclude>
    <ClInclude Include="src\FizzGen\InputCodes\Keycodes.h">
      <Filter>FizzGen\InputCodes</Filter>
    </ClInclude>
    <ClInclude Include="src\FizzGen\InputCodes\MouseButtonCodes.h">
      <Filter>FizzGen\InputCodes</Filter>
    </ClInclude>
    <ClInclude Include="src\FizzGen\InputInterface.h">
      <Filter>FizzGen</Filter>
    </ClInclude>
    <ClInclude Include="src\FizzGen\Layer.h">
      <Filter>FizzGen</Filter>
    </ClInclude>
    <ClInclude Include="src\FizzGen\LayerStack.h">
      <Filter>FizzGen</Filter>
    </ClInclude>
    <ClInclude Include="src\FizzGen\Log.h">
      <Filter>FizzGen</Filter>
    </ClInclude>
    <ClInclude Include="src\FizzGen\Platform\OpenGL\ImGuiOpenGLRenderer.h">
      <Filter>FizzGen\Platform\OpenGL</Filter>
    </ClInclude>
    <ClInclude Include="src\FizzGen\Platform\Windows\Inputs\WindowsInput.h">
      <Filter>FizzGen\Platform\Windows\Inputs</Filter>
    </ClInclude>
    <ClInclude Include="src\FizzGen\Platform\Windows\Window\WindowsWindow.h">
      <Filter>FizzGen\Platform\Windows\Window</Filter>
    </ClInclude>
    <ClInclude Include="src\FizzGen\WindowInterface.h">
      <Filter>FizzGen</Filter>
    </ClInclude>
    <ClInclude Include="src\fgpch.h" />
  </ItemGroup>
  <ItemGroup>
    <ClCompile Include="src\FizzGen\Application.cpp">
      <Filter>FizzGen</Filter>
    </ClCompile>
    <ClCompile Include="src\FizzGen\ImGui\ImGuiLayer.cpp">
      <Filter>FizzGen\ImGui</Filter>
    </ClCompile>
    <ClCompile Include="src\FizzGen\Layer.cpp">
      <Filter>FizzGen</Filter>
    </ClCompile>
    <ClCompile Include="src\FizzGen\LayerStack.cpp">
      <Filter>FizzGen</Filter>
    </ClCompile>
    <ClCompile Include="src\FizzGen\Log.cpp">
      <Filter>FizzGen</Filter>
    </ClCompile>
    <ClCompile Include="src\FizzGen\Platform\OpenGL\ImGuiOpenGLRenderer.cpp">
      <Filter>FizzGen\Platform\OpenGL</Filter>
    </ClCompile>
    <ClCompile Include="src\FizzGen\Platform\Windows\Inputs\WindowsInput.cpp">
      <Filter>FizzGen\Platform\Windows\Inputs</Filter>
    </ClCompile>
    <ClCompile Include="src\FizzGen\Platform\Windows\Window\WindowsWindow.cpp">
      <Filter>FizzGen\Platform\Windows\Window</Filter>
    </ClCompile>
    <ClCompile Include="src\fgpch.cpp" />
  </ItemGroup>
</Project>